
Microsoft Visual Studio Solution File, Format Version 12.00
# Visual Studio 14
VisualStudioVersion = 14.0.25123.0
MinimumVisualStudioVersion = 10.0.40219.1
Project("{FAE04EC0-301F-11D3-BF4B-00C04F79EFBC}") = "MzLite", "src\MzLite\MzLite.csproj", "{BF8532C6-82A9-4FB8-A56E-3AD09FA7AA52}"
EndProject
Project("{FAE04EC0-301F-11D3-BF4B-00C04F79EFBC}") = "MzLite.Wiff", "src\MzLite.Wiff\MzLite.Wiff.csproj", "{3E15085A-6466-4F67-A088-DBA1EB690780}"
EndProject
Project("{FAE04EC0-301F-11D3-BF4B-00C04F79EFBC}") = "PlayGround", "src\PlayGround\PlayGround.csproj", "{9ECC311F-2723-44A6-8829-8C87ACC94353}"
EndProject
Project("{FAE04EC0-301F-11D3-BF4B-00C04F79EFBC}") = "MzLite.SQL", "src\MzLite.SQL\MzLite.SQL.csproj", "{ACFBCC2B-E4D4-4401-8A47-E56076AB44EC}"
EndProject
Project("{FAE04EC0-301F-11D3-BF4B-00C04F79EFBC}") = "MzLite.Processing", "src\MzLite.Processing\MzLite.Processing.csproj", "{D69197B5-61F1-41EB-9ED9-C458D880CA12}"
EndProject
Project("{FAE04EC0-301F-11D3-BF4B-00C04F79EFBC}") = "MzLite.Thermo", "src\MzLite.Thermo\MzLite.Thermo.csproj", "{33B913D4-014A-4872-841C-E873E487EA98}"
EndProject
Global
	GlobalSection(SolutionConfigurationPlatforms) = preSolution
		Debug|Any CPU = Debug|Any CPU
		Release|Any CPU = Release|Any CPU
	EndGlobalSection
	GlobalSection(ProjectConfigurationPlatforms) = postSolution
		{BF8532C6-82A9-4FB8-A56E-3AD09FA7AA52}.Debug|Any CPU.ActiveCfg = Debug|Any CPU
		{BF8532C6-82A9-4FB8-A56E-3AD09FA7AA52}.Debug|Any CPU.Build.0 = Debug|Any CPU
		{BF8532C6-82A9-4FB8-A56E-3AD09FA7AA52}.Release|Any CPU.ActiveCfg = Release|Any CPU
		{BF8532C6-82A9-4FB8-A56E-3AD09FA7AA52}.Release|Any CPU.Build.0 = Release|Any CPU
		{3E15085A-6466-4F67-A088-DBA1EB690780}.Debug|Any CPU.ActiveCfg = Debug|Any CPU
		{3E15085A-6466-4F67-A088-DBA1EB690780}.Debug|Any CPU.Build.0 = Debug|Any CPU
		{3E15085A-6466-4F67-A088-DBA1EB690780}.Release|Any CPU.ActiveCfg = Release|Any CPU
		{3E15085A-6466-4F67-A088-DBA1EB690780}.Release|Any CPU.Build.0 = Release|Any CPU
		{9ECC311F-2723-44A6-8829-8C87ACC94353}.Debug|Any CPU.ActiveCfg = Debug|Any CPU
		{9ECC311F-2723-44A6-8829-8C87ACC94353}.Debug|Any CPU.Build.0 = Debug|Any CPU
		{9ECC311F-2723-44A6-8829-8C87ACC94353}.Release|Any CPU.ActiveCfg = Release|Any CPU
		{9ECC311F-2723-44A6-8829-8C87ACC94353}.Release|Any CPU.Build.0 = Release|Any CPU
		{ACFBCC2B-E4D4-4401-8A47-E56076AB44EC}.Debug|Any CPU.ActiveCfg = Debug|Any CPU
		{ACFBCC2B-E4D4-4401-8A47-E56076AB44EC}.Debug|Any CPU.Build.0 = Debug|Any CPU
		{ACFBCC2B-E4D4-4401-8A47-E56076AB44EC}.Release|Any CPU.ActiveCfg = Release|Any CPU
		{ACFBCC2B-E4D4-4401-8A47-E56076AB44EC}.Release|Any CPU.Build.0 = Release|Any CPU
		{D69197B5-61F1-41EB-9ED9-C458D880CA12}.Debug|Any CPU.ActiveCfg = Debug|Any CPU
		{D69197B5-61F1-41EB-9ED9-C458D880CA12}.Debug|Any CPU.Build.0 = Debug|Any CPU
		{D69197B5-61F1-41EB-9ED9-C458D880CA12}.Release|Any CPU.ActiveCfg = Release|Any CPU
		{D69197B5-61F1-41EB-9ED9-C458D880CA12}.Release|Any CPU.Build.0 = Release|Any CPU
		{33B913D4-014A-4872-841C-E873E487EA98}.Debug|Any CPU.ActiveCfg = Debug|Any CPU
		{33B913D4-014A-4872-841C-E873E487EA98}.Debug|Any CPU.Build.0 = Debug|Any CPU
		{33B913D4-014A-4872-841C-E873E487EA98}.Release|Any CPU.ActiveCfg = Release|Any CPU
		{33B913D4-014A-4872-841C-E873E487EA98}.Release|Any CPU.Build.0 = Release|Any CPU
	EndGlobalSection
	GlobalSection(SolutionProperties) = preSolution
		HideSolutionNode = FALSE
	EndGlobalSection
EndGlobal
